lockfileVersion: 5.4

specifiers:
  element-plus: ^2.6.1
  element-ui: ^2.15.14
  vue-demi: ^0.14.7

dependencies:
  vue-demi: registry.npmmirror.com/vue-demi/0.14.7

devDependencies:
  element-plus: registry.npmmirror.com/element-plus/2.6.1
  element-ui: registry.npmmirror.com/element-ui/2.15.14

packages:

  registry.npmmirror.com/@ctrl/tinycolor/3.6.1:
    resolution: {integrity: sha512-SITSV6aIXsuVNV3f3O0f2n/cgyEDWoSqtZMYiAmcsYHydcKrOz3gUxB/iXd/Qf08+IZX4KpgNbvUdMBmWz+kcA==, registry: https://registry.npm.taobao.org/, tarball: https://registry.npmmirror.com/@ctrl/tinycolor/-/tinycolor-3.6.1.tgz}
    name: '@ctrl/tinycolor'
    version: 3.6.1
    engines: {node: '>=10'}
    dev: true

  registry.npmmirror.com/@element-plus/icons-vue/2.3.1:
    resolution: {integrity: sha512-XxVUZv48RZAd87ucGS48jPf6pKu0yV5UCg9f4FFwtrYxXOwWuVJo6wOvSLKEoMQKjv8GsX/mhP6UsC1lRwbUWg==, registry: https://registry.npm.taobao.org/, tarball: https://registry.npmmirror.com/@element-plus/icons-vue/-/icons-vue-2.3.1.tgz}
    name: '@element-plus/icons-vue'
    version: 2.3.1
    peerDependencies:
      vue: ^3.2.0
    dev: true

  registry.npmmirror.com/@floating-ui/core/1.6.0:
    resolution: {integrity: sha512-PcF++MykgmTj3CIyOQbKA/hDzOAiqI3mhuoN44WRCopIs1sgoDoU4oty4Jtqaj/y3oDU6fnVSm4QG0a3t5i0+g==, registry: https://registry.npm.taobao.org/, tarball: https://registry.npmmirror.com/@floating-ui/core/-/core-1.6.0.tgz}
    name: '@floating-ui/core'
    version: 1.6.0
    dependencies:
      '@floating-ui/utils': registry.npmmirror.com/@floating-ui/utils/0.2.1
    dev: true

  registry.npmmirror.com/@floating-ui/dom/1.6.3:
    resolution: {integrity: sha512-RnDthu3mzPlQ31Ss/BTwQ1zjzIhr3lk1gZB1OC56h/1vEtaXkESrOqL5fQVMfXpwGtRwX+YsZBdyHtJMQnkArw==, registry: https://registry.npm.taobao.org/, tarball: https://registry.npmmirror.com/@floating-ui/dom/-/dom-1.6.3.tgz}
    name: '@floating-ui/dom'
    version: 1.6.3
    dependencies:
      '@floating-ui/core': registry.npmmirror.com/@floating-ui/core/1.6.0
      '@floating-ui/utils': registry.npmmirror.com/@floating-ui/utils/0.2.1
    dev: true

  registry.npmmirror.com/@floating-ui/utils/0.2.1:
    resolution: {integrity: sha512-9TANp6GPoMtYzQdt54kfAyMmz1+osLlXdg2ENroU7zzrtflTLrrC/lgrIfaSe+Wu0b89GKccT7vxXA0MoAIO+Q==, registry: https://registry.npm.taobao.org/, tarball: https://registry.npmmirror.com/@floating-ui/utils/-/utils-0.2.1.tgz}
    name: '@floating-ui/utils'
    version: 0.2.1
    dev: true

  registry.npmmirror.com/@sxzz/popperjs-es/2.11.7:
    resolution: {integrity: sha512-Ccy0NlLkzr0Ex2FKvh2X+OyERHXJ88XJ1MXtsI9y9fGexlaXaVTPzBCRBwIxFkORuOb+uBqeu+RqnpgYTEZRUQ==, registry: https://registry.npm.taobao.org/, tarball: https://registry.npmmirror.com/@sxzz/popperjs-es/-/popperjs-es-2.11.7.tgz}
    name: '@sxzz/popperjs-es'
    version: 2.11.7
    dev: true

  registry.npmmirror.com/@types/lodash-es/4.17.12:
    resolution: {integrity: sha512-0NgftHUcV4v34VhXm8QBSftKVXtbkBG3ViCjs6+eJ5a6y6Mi/jiFGPc1sC7QK+9BFhWrURE3EOggmWaSxL9OzQ==, registry: https://registry.npm.taobao.org/, tarball: https://registry.npmmirror.com/@types/lodash-es/-/lodash-es-4.17.12.tgz}
    name: '@types/lodash-es'
    version: 4.17.12
    dependencies:
      '@types/lodash': registry.npmmirror.com/@types/lodash/4.17.0
    dev: true

  registry.npmmirror.com/@types/lodash/4.17.0:
    resolution: {integrity: sha512-t7dhREVv6dbNj0q17X12j7yDG4bD/DHYX7o5/DbDxobP0HnGPgpRz2Ej77aL7TZT3DSw13fqUTj8J4mMnqa7WA==, registry: https://registry.npm.taobao.org/, tarball: https://registry.npmmirror.com/@types/lodash/-/lodash-4.17.0.tgz}
    name: '@types/lodash'
    version: 4.17.0
    dev: true

  registry.npmmirror.com/@types/web-bluetooth/0.0.16:
    resolution: {integrity: sha512-oh8q2Zc32S6gd/j50GowEjKLoOVOwHP/bWVjKJInBwQqdOYMdPrf1oVlelTlyfFK3CKxL1uahMDAr+vy8T7yMQ==, registry: https://registry.npm.taobao.org/, tarball: https://registry.npmmirror.com/@types/web-bluetooth/-/web-bluetooth-0.0.16.tgz}
    name: '@types/web-bluetooth'
    version: 0.0.16
    dev: true

  registry.npmmirror.com/@vueuse/core/9.13.0:
    resolution: {integrity: sha512-pujnclbeHWxxPRqXWmdkKV5OX4Wk4YeK7wusHqRwU0Q7EFusHoqNA/aPhB6KCh9hEqJkLAJo7bb0Lh9b+OIVzw==, registry: https://registry.npm.taobao.org/, tarball: https://registry.npmmirror.com/@vueuse/core/-/core-9.13.0.tgz}
    name: '@vueuse/core'
    version: 9.13.0
    dependencies:
      '@types/web-bluetooth': registry.npmmirror.com/@types/web-bluetooth/0.0.16
      '@vueuse/metadata': registry.npmmirror.com/@vueuse/metadata/9.13.0
      '@vueuse/shared': registry.npmmirror.com/@vueuse/shared/9.13.0
      vue-demi: registry.npmmirror.com/vue-demi/0.14.7
    transitivePeerDependencies:
      - '@vue/composition-api'
      - vue
    dev: true

  registry.npmmirror.com/@vueuse/metadata/9.13.0:
    resolution: {integrity: sha512-gdU7TKNAUVlXXLbaF+ZCfte8BjRJQWPCa2J55+7/h+yDtzw3vOoGQDRXzI6pyKyo6bXFT5/QoPE4hAknExjRLQ==, registry: https://registry.npm.taobao.org/, tarball: https://registry.npmmirror.com/@vueuse/metadata/-/metadata-9.13.0.tgz}
    name: '@vueuse/metadata'
    version: 9.13.0
    dev: true

  registry.npmmirror.com/@vueuse/shared/9.13.0:
    resolution: {integrity: sha512-UrnhU+Cnufu4S6JLCPZnkWh0WwZGUp72ktOF2DFptMlOs3TOdVv8xJN53zhHGARmVOsz5KqOls09+J1NR6sBKw==, registry: https://registry.npm.taobao.org/, tarball: https://registry.npmmirror.com/@vueuse/shared/-/shared-9.13.0.tgz}
    name: '@vueuse/shared'
    version: 9.13.0
    dependencies:
      vue-demi: registry.npmmirror.com/vue-demi/0.14.7
    transitivePeerDependencies:
      - '@vue/composition-api'
      - vue
    dev: true

  registry.npmmirror.com/async-validator/1.8.5:
    resolution: {integrity: sha512-tXBM+1m056MAX0E8TL2iCjg8WvSyXu0Zc8LNtYqrVeyoL3+esHRZ4SieE9fKQyyU09uONjnMEjrNBMqT0mbvmA==, registry: https://registry.npm.taobao.org/, tarball: https://registry.npmmirror.com/async-validator/-/async-validator-1.8.5.tgz}
    name: async-validator
    version: 1.8.5
    dependencies:
      babel-runtime: registry.npmmirror.com/babel-runtime/6.26.0
    dev: true

  registry.npmmirror.com/async-validator/4.2.5:
    resolution: {integrity: sha512-7HhHjtERjqlNbZtqNqy2rckN/SpOOlmDliet+lP7k+eKZEjPk3DgyeU9lIXLdeLz0uBbbVp+9Qdow9wJWgwwfg==, registry: https://registry.npm.taobao.org/, tarball: https://registry.npmmirror.com/async-validator/-/async-validator-4.2.5.tgz}
    name: async-validator
    version: 4.2.5
    dev: true

  registry.npmmirror.com/babel-helper-vue-jsx-merge-props/2.0.3:
    resolution: {integrity: sha512-gsLiKK7Qrb7zYJNgiXKpXblxbV5ffSwR0f5whkPAaBAR4fhi6bwRZxX9wBlIc5M/v8CCkXUbXZL4N/nSE97cqg==, registry: https://registry.npm.taobao.org/, tarball: https://registry.npmmirror.com/babel-helper-vue-jsx-merge-props/-/babel-helper-vue-jsx-merge-props-2.0.3.tgz}
    name: babel-helper-vue-jsx-merge-props
    version: 2.0.3
    dev: true

  registry.npmmirror.com/babel-runtime/6.26.0:
    resolution: {integrity: sha512-ITKNuq2wKlW1fJg9sSW52eepoYgZBggvOAHC0u/CYu/qxQ9EVzThCgR69BnSXLHjy2f7SY5zaQ4yt7H9ZVxY2g==, registry: https://registry.npm.taobao.org/, tarball: https://registry.npmmirror.com/babel-runtime/-/babel-runtime-6.26.0.tgz}
    name: babel-runtime
    version: 6.26.0
    dependencies:
      core-js: registry.npmmirror.com/core-js/2.6.12
      regenerator-runtime: registry.npmmirror.com/regenerator-runtime/0.11.1
    dev: true

  registry.npmmirror.com/core-js/2.6.12:
    resolution: {integrity: sha512-Kb2wC0fvsWfQrgk8HU5lW6U/Lcs8+9aaYcy4ZFc6DDlo4nZ7n70dEgE5rtR0oG6ufKDUnrwfWL1mXR5ljDatrQ==, registry: https://registry.npm.taobao.org/, tarball: https://registry.npmmirror.com/core-js/-/core-js-2.6.12.tgz}
    name: core-js
    version: 2.6.12
    deprecated: core-js@<3.23.3 is no longer maintained and not recommended for usage due to the number of issues. Because of the V8 engine whims, feature detection in old core-js versions could cause a slowdown up to 100x even if nothing is polyfilled. Some versions have web compatibility issues. Please, upgrade your dependencies to the actual version of core-js.
    requiresBuild: true
    dev: true

  registry.npmmirror.com/dayjs/1.11.10:
    resolution: {integrity: sha512-vjAczensTgRcqDERK0SR2XMwsF/tSvnvlv6VcF2GIhg6Sx4yOIt/irsr1RDJsKiIyBzJDpCoXiWWq28MqH2cnQ==, registry: https://registry.npm.taobao.org/, tarball: https://registry.npmmirror.com/dayjs/-/dayjs-1.11.10.tgz}
    name: dayjs
    version: 1.11.10
    dev: true

  registry.npmmirror.com/deepmerge/1.5.2:
    resolution: {integrity: sha512-95k0GDqvBjZavkuvzx/YqVLv/6YYa17fz6ILMSf7neqQITCPbnfEnQvEgMPNjH4kgobe7+WIL0yJEHku+H3qtQ==, registry: https://registry.npm.taobao.org/, tarball: https://registry.npmmirror.com/deepmerge/-/deepmerge-1.5.2.tgz}
    name: deepmerge
    version: 1.5.2
    engines: {node: '>=0.10.0'}
    dev: true

  registry.npmmirror.com/element-plus/2.6.1:
    resolution: {integrity: sha512-6VRpLjwtIVdtUuITJPPKtpOH1NM6nuAkRE3q5O4Lrx0N1bYMhTkiqb2Jy7zfQuDPbOIkkF2OABTzegpNnzgsnQ==, registry: https://registry.npm.taobao.org/, tarball: https://registry.npmmirror.com/element-plus/-/element-plus-2.6.1.tgz}
    name: element-plus
    version: 2.6.1
    peerDependencies:
      vue: ^3.2.0
    dependencies:
      '@ctrl/tinycolor': registry.npmmirror.com/@ctrl/tinycolor/3.6.1
      '@element-plus/icons-vue': registry.npmmirror.com/@element-plus/icons-vue/2.3.1
      '@floating-ui/dom': registry.npmmirror.com/@floating-ui/dom/1.6.3
      '@popperjs/core': registry.npmmirror.com/@sxzz/popperjs-es/2.11.7
      '@types/lodash': registry.npmmirror.com/@types/lodash/4.17.0
      '@types/lodash-es': registry.npmmirror.com/@types/lodash-es/4.17.12
      '@vueuse/core': registry.npmmirror.com/@vueuse/core/9.13.0
      async-validator: registry.npmmirror.com/async-validator/4.2.5
      dayjs: registry.npmmirror.com/dayjs/1.11.10
      escape-html: registry.npmmirror.com/escape-html/1.0.3
      lodash: registry.npmmirror.com/lodash/4.17.21
      lodash-es: registry.npmmirror.com/lodash-es/4.17.21
      lodash-unified: registry.npmmirror.com/lodash-unified/1.0.3_vpgwo5v3ie2bia5ss74pgoa5ly
      memoize-one: registry.npmmirror.com/memoize-one/6.0.0
      normalize-wheel-es: registry.npmmirror.com/normalize-wheel-es/1.2.0
    transitivePeerDependencies:
      - '@vue/composition-api'
    dev: true

  registry.npmmirror.com/element-ui/2.15.14:
    resolution: {integrity: sha512-2v9fHL0ZGINotOlRIAJD5YuVB8V7WKxrE9Qy7dXhRipa035+kF7WuU/z+tEmLVPBcJ0zt8mOu1DKpWcVzBK8IA==, registry: https://registry.npm.taobao.org/, tarball: https://registry.npmmirror.com/element-ui/-/element-ui-2.15.14.tgz}
    name: element-ui
    version: 2.15.14
    peerDependencies:
      vue: ^2.5.17
    dependencies:
      async-validator: registry.npmmirror.com/async-validator/1.8.5
      babel-helper-vue-jsx-merge-props: registry.npmmirror.com/babel-helper-vue-jsx-merge-props/2.0.3
      deepmerge: registry.npmmirror.com/deepmerge/1.5.2
      normalize-wheel: registry.npmmirror.com/normalize-wheel/1.0.1
      resize-observer-polyfill: registry.npmmirror.com/resize-observer-polyfill/1.5.1
      throttle-debounce: registry.npmmirror.com/throttle-debounce/1.1.0
    dev: true

  registry.npmmirror.com/escape-html/1.0.3:
    resolution: {integrity: sha512-NiSupZ4OeuGwr68lGIeym/ksIZMJodUGOSCZ/FSnTxcrekbvqrgdUxlJOMpijaKZVjAJrWrGs/6Jy8OMuyj9ow==, registry: https://registry.npm.taobao.org/, tarball: https://registry.npmmirror.com/escape-html/-/escape-html-1.0.3.tgz}
    name: escape-html
    version: 1.0.3
    dev: true

  registry.npmmirror.com/lodash-es/4.17.21:
    resolution: {integrity: sha512-mKnC+QJ9pWVzv+C4/U3rRsHapFfHvQFoFB92e52xeyGMcX6/OlIl78je1u8vePzYZSkkogMPJ2yjxxsb89cxyw==, registry: https://registry.npm.taobao.org/, tarball: https://registry.npmmirror.com/lodash-es/-/lodash-es-4.17.21.tgz}
    name: lodash-es
    version: 4.17.21
    dev: true

  registry.npmmirror.com/lodash-unified/1.0.3_vpgwo5v3ie2bia5ss74pgoa5ly:
    resolution: {integrity: sha512-WK9qSozxXOD7ZJQlpSqOT+om2ZfcT4yO+03FuzAHD0wF6S0l0090LRPDx3vhTTLZ8cFKpBn+IOcVXK6qOcIlfQ==, registry: https://registry.npm.taobao.org/, tarball: https://registry.npmmirror.com/lodash-unified/-/lodash-unified-1.0.3.tgz}
    id: registry.npmmirror.com/lodash-unified/1.0.3
    name: lodash-unified
    version: 1.0.3
    peerDependencies:
      '@types/lodash-es': '*'
      lodash: '*'
      lodash-es: '*'
    dependencies:
      '@types/lodash-es': registry.npmmirror.com/@types/lodash-es/4.17.12
      lodash: registry.npmmirror.com/lodash/4.17.21
      lodash-es: registry.npmmirror.com/lodash-es/4.17.21
    dev: true

  registry.npmmirror.com/lodash/4.17.21:
    resolution: {integrity: sha512-v2kDEe57lecTulaDIuNTPy3Ry4gLGJ6Z1O3vE1krgXZNrsQ+LFTGHVxVjcXPs17LhbZVGedAJv8XZ1tvj5FvSg==, registry: https://registry.npm.taobao.org/, tarball: https://registry.npmmirror.com/lodash/-/lodash-4.17.21.tgz}
    name: lodash
    version: 4.17.21
    dev: true

  registry.npmmirror.com/memoize-one/6.0.0:
    resolution: {integrity: sha512-rkpe71W0N0c0Xz6QD0eJETuWAJGnJ9afsl1srmwPrI+yBCkge5EycXXbYRyvL29zZVUWQCY7InPRCv3GDXuZNw==, registry: https://registry.npm.taobao.org/, tarball: https://registry.npmmirror.com/memoize-one/-/memoize-one-6.0.0.tgz}
    name: memoize-one
    version: 6.0.0
    dev: true

  registry.npmmirror.com/normalize-wheel-es/1.2.0:
    resolution: {integrity: sha512-Wj7+EJQ8mSuXr2iWfnujrimU35R2W4FAErEyTmJoJ7ucwTn2hOUSsRehMb5RSYkxXGTM7Y9QpvPmp++w5ftoJw==, registry: https://registry.npm.taobao.org/, tarball: https://registry.npmmirror.com/normalize-wheel-es/-/normalize-wheel-es-1.2.0.tgz}
    name: normalize-wheel-es
    version: 1.2.0
    dev: true

  registry.npmmirror.com/normalize-wheel/1.0.1:
    resolution: {integrity: sha512-1OnlAPZ3zgrk8B91HyRj+eVv+kS5u+Z0SCsak6Xil/kmgEia50ga7zfkumayonZrImffAxPU/5WcyGhzetHNPA==, registry: https://registry.npm.taobao.org/, tarball: https://registry.npmmirror.com/normalize-wheel/-/normalize-wheel-1.0.1.tgz}
    name: normalize-wheel
    version: 1.0.1
    dev: true

  registry.npmmirror.com/regenerator-runtime/0.11.1:
    resolution: {integrity: sha512-MguG95oij0fC3QV3URf4V2SDYGJhJnJGqvIIgdECeODCT98wSWDAJ94SSuVpYQUoTcGUIL6L4yNB7j1DFFHSBg==, registry: https://registry.npm.taobao.org/, tarball: https://registry.npmmirror.com/regenerator-runtime/-/regenerator-runtime-0.11.1.tgz}
    name: regenerator-runtime
    version: 0.11.1
    dev: true

  registry.npmmirror.com/resize-observer-polyfill/1.5.1:
    resolution: {integrity: sha512-LwZrotdHOo12nQuZlHEmtuXdqGoOD0OhaxopaNFxWzInpEgaLWoVuAMbTzixuosCx2nEG58ngzW3vxdWoxIgdg==, registry: https://registry.npm.taobao.org/, tarball: https://registry.npmmirror.com/resize-observer-polyfill/-/resize-observer-polyfill-1.5.1.tgz}
    name: resize-observer-polyfill
    version: 1.5.1
    dev: true

  registry.npmmirror.com/throttle-debounce/1.1.0:
    resolution: {integrity: sha512-XH8UiPCQcWNuk2LYePibW/4qL97+ZQ1AN3FNXwZRBNPPowo/NRU5fAlDCSNBJIYCKbioZfuYtMhG4quqoJhVzg==, registry: https://registry.npm.taobao.org/, tarball: https://registry.npmmirror.com/throttle-debounce/-/throttle-debounce-1.1.0.tgz}
    name: throttle-debounce
    version: 1.1.0
    engines: {node: '>=4'}
    dev: true

  registry.npmmirror.com/vue-demi/0.14.7:
    resolution: {integrity: sha512-EOG8KXDQNwkJILkx/gPcoL/7vH+hORoBaKgGe+6W7VFMvCYJfmF2dGbvgDroVnI8LU7/kTu8mbjRZGBU1z9NTA==, registry: https://registry.npm.taobao.org/, tarball: https://registry.npmmirror.com/vue-demi/-/vue-demi-0.14.7.tgz}
    name: vue-demi
    version: 0.14.7
    engines: {node: '>=12'}
    hasBin: true
    requiresBuild: true
    peerDependencies:
      '@vue/composition-api': ^1.0.0-rc.1
      vue: ^3.0.0-0 || ^2.6.0
    peerDependenciesMeta:
      '@vue/composition-api':
        optional: true
